// !$*UTF8*$!
{
	archiveVersion = 1;
	classes = {
	};
	objectVersion = 56;
	objects = {

/* Begin PBXBuildFile section */
		C3254A3228F5597D003A4F92 /* AppDelegate.swift in Sources */ = {isa = PBXBuildFile; fileRef = C3254A3128F5597D003A4F92 /* AppDelegate.swift */; };
		C3254A3428F5597D003A4F92 /* SceneDelegate.swift in Sources */ = {isa = PBXBuildFile; fileRef = C3254A3328F5597D003A4F92 /* SceneDelegate.swift */; };
		C3254A3628F5597D003A4F92 /* MainMenuViewConrtoller.swift in Sources */ = {isa = PBXBuildFile; fileRef = C3254A3528F5597D003A4F92 /* MainMenuViewConrtoller.swift */; };
		C3254A3928F5597D003A4F92 /* Main.storyboard in Resources */ = {isa = PBXBuildFile; fileRef = C3254A3728F5597D003A4F92 /* Main.storyboard */; };
		C3254A3B28F5597D003A4F92 /* Assets.xcassets in Resources */ = {isa = PBXBuildFile; fileRef = C3254A3A28F5597D003A4F92 /* Assets.xcassets */; };
		C3254A3E28F5597D003A4F92 /* LaunchScreen.storyboard in Resources */ = {isa = PBXBuildFile; fileRef = C3254A3C28F5597D003A4F92 /* LaunchScreen.storyboard */; };
		C3254A4A28F55E05003A4F92 /* ApiManager.swift in Sources */ = {isa = PBXBuildFile; fileRef = C3254A4928F55E05003A4F92 /* ApiManager.swift */; };
		C3254A4D28F58D73003A4F92 /* Information.swift in Sources */ = {isa = PBXBuildFile; fileRef = C3254A4C28F58D73003A4F92 /* Information.swift */; };
		C3254A5028F591C7003A4F92 /* InformationViewController.swift in Sources */ = {isa = PBXBuildFile; fileRef = C3254A4F28F591C7003A4F92 /* InformationViewController.swift */; };
		C3DA0EB228F5A71900F9B1B3 /* NetworkManager.swift in Sources */ = {isa = PBXBuildFile; fileRef = C3DA0EB128F5A71900F9B1B3 /* NetworkManager.swift */; };
/* End PBXBuildFile section */

/* Begin PBXFileReference section */
		C3254A2E28F5597D003A4F92 /* Nasa_repetition_2.10.app */ = {isa = PBXFileReference; explicitFileType = wrapper.application; includeInIndex = 0; path = Nasa_repetition_2.10.app; sourceTree = BUILT_PRODUCTS_DIR; };
		C3254A3128F5597D003A4F92 /* AppDelegate.swift */ = {isa = PBXFileReference; lastKnownFileType = sourcecode.swift; path = AppDelegate.swift; sourceTree = "<group>"; };
		C3254A3328F5597D003A4F92 /* SceneDelegate.swift */ = {isa = PBXFileReference; lastKnownFileType = sourcecode.swift; path = SceneDelegate.swift; sourceTree = "<group>"; };
		C3254A3528F5597D003A4F92 /* MainMenuViewConrtoller.swift */ = {isa = PBXFileReference; lastKnownFileType = sourcecode.swift; path = MainMenuViewConrtoller.swift; sourceTree = "<group>"; };
		C3254A3828F5597D003A4F92 /* Base */ = {isa = PBXFileReference; lastKnownFileType = file.storyboard; name = Base; path = Base.lproj/Main.storyboard; sourceTree = "<group>"; };
		C3254A3A28F5597D003A4F92 /* Assets.xcassets */ = {isa = PBXFileReference; lastKnownFileType = folder.assetcatalog; path = Assets.xcassets; sourceTree = "<group>"; };
		C3254A3D28F5597D003A4F92 /* Base */ = {isa = PBXFileReference; lastKnownFileType = file.storyboard; name = Base; path = Base.lproj/LaunchScreen.storyboard; sourceTree = "<group>"; };
		C3254A3F28F5597D003A4F92 /* Info.plist */ = {isa = PBXFileReference; lastKnownFileType = text.plist.xml; path = Info.plist; sourceTree = "<group>"; };
		C3254A4928F55E05003A4F92 /* ApiManager.swift */ = {isa = PBXFileReference; lastKnownFileType = sourcecode.swift; path = ApiManager.swift; sourceTree = "<group>"; };
		C3254A4C28F58D73003A4F92 /* Information.swift */ = {isa = PBXFileReference; lastKnownFileType = sourcecode.swift; path = Information.swift; sourceTree = "<group>"; };
		C3254A4F28F591C7003A4F92 /* InformationViewController.swift */ = {isa = PBXFileReference; lastKnownFileType = sourcecode.swift; path = InformationViewController.swift; sourceTree = "<group>"; };
		C3DA0EB128F5A71900F9B1B3 /* NetworkManager.swift */ = {isa = PBXFileReference; lastKnownFileType = sourcecode.swift; path = NetworkManager.swift; sourceTree = "<group>"; };
/* End PBXFileReference section */

/* Begin PBXFrameworksBuildPhase section */
		C3254A2B28F5597D003A4F92 /* Frameworks */ = {
			isa = PBXFrameworksBuildPhase;
			buildActionMask = 2147483647;
			files = (
			);
			runOnlyForDeploymentPostprocessing = 0;
		};
/* End PBXFrameworksBuildPhase section */

/* Begin PBXGroup section */
		C3254A2528F5597D003A4F92 = {
			isa = PBXGroup;
			children = (
				C3254A3028F5597D003A4F92 /* Nasa_repetition_2.10 */,
				C3254A2F28F5597D003A4F92 /* Products */,
			);
			sourceTree = "<group>";
		};
		C3254A2F28F5597D003A4F92 /* Products */ = {
			isa = PBXGroup;
			children = (
				C3254A2E28F5597D003A4F92 /* Nasa_repetition_2.10.app */,
			);
			name = Products;
			sourceTree = "<group>";
		};
		C3254A3028F5597D003A4F92 /* Nasa_repetition_2.10 */ = {
			isa = PBXGroup;
			children = (
				C3254A4B28F55E09003A4F92 /* Managers */,
				C3254A4E28F58D76003A4F92 /* Models */,
				C3254A4628F559B0003A4F92 /* Supporting */,
				C3254A4528F5599C003A4F92 /* ViewControllers */,
				C3254A4728F559BA003A4F92 /* Storyboards */,
				C3254A4828F559C9003A4F92 /* Resources */,
			);
			path = Nasa_repetition_2.10;
			sourceTree = "<group>";
		};
		C3254A4528F5599C003A4F92 /* ViewControllers */ = {
			isa = PBXGroup;
			children = (
				C3254A3528F5597D003A4F92 /* MainMenuViewConrtoller.swift */,
				C3254A4F28F591C7003A4F92 /* InformationViewController.swift */,
			);
			path = ViewControllers;
			sourceTree = "<group>";
		};
		C3254A4628F559B0003A4F92 /* Supporting */ = {
			isa = PBXGroup;
			children = (
				C3254A3128F5597D003A4F92 /* AppDelegate.swift */,
				C3254A3328F5597D003A4F92 /* SceneDelegate.swift */,
				C3254A3F28F5597D003A4F92 /* Info.plist */,
			);
			path = Supporting;
			sourceTree = "<group>";
		};
		C3254A4728F559BA003A4F92 /* Storyboards */ = {
			isa = PBXGroup;
			children = (
				C3254A3728F5597D003A4F92 /* Main.storyboard */,
				C3254A3C28F5597D003A4F92 /* LaunchScreen.storyboard */,
			);
			path = Storyboards;
			sourceTree = "<group>";
		};
		C3254A4828F559C9003A4F92 /* Resources */ = {
			isa = PBXGroup;
			children = (
				C3254A3A28F5597D003A4F92 /* Assets.xcassets */,
			);
			path = Resources;
			sourceTree = "<group>";
		};
		C3254A4B28F55E09003A4F92 /* Managers */ = {
			isa = PBXGroup;
			children = (
				C3254A4928F55E05003A4F92 /* ApiManager.swift */,
				C3DA0EB128F5A71900F9B1B3 /* NetworkManager.swift */,
			);
			path = Managers;
			sourceTree = "<group>";
		};
		C3254A4E28F58D76003A4F92 /* Models */ = {
			isa = PBXGroup;
			children = (
				C3254A4C28F58D73003A4F92 /* Information.swift */,
			);
			path = Models;
			sourceTree = "<group>";
		};
/* End PBXGroup section */

/* Begin PBXNativeTarget section */
		C3254A2D28F5597D003A4F92 /* Nasa_repetition_2.10 */ = {
			isa = PBXNativeTarget;
			buildConfigurationList = C3254A4228F5597D003A4F92 /* Build configuration list for PBXNativeTarget "Nasa_repetition_2.10" */;
			buildPhases = (
				C3254A2A28F5597D003A4F92 /* Sources */,
				C3254A2B28F5597D003A4F92 /* Frameworks */,
				C3254A2C28F5597D003A4F92 /* Resources */,
			);
			buildRules = (
			);
			dependencies = (
			);
			name = Nasa_repetition_2.10;
			productName = Nasa_repetition_2.10;
			productReference = C3254A2E28F5597D003A4F92 /* Nasa_repetition_2.10.app */;
			productType = "com.apple.product-type.application";
		};
/* End PBXNativeTarget section */

/* Begin PBXProject section */
		C3254A2628F5597D003A4F92 /* Project object */ = {
			isa = PBXProject;
			attributes = {
				BuildIndependentTargetsInParallel = 1;
				LastSwiftUpdateCheck = 1400;
				LastUpgradeCheck = 1400;
				TargetAttributes = {
					C3254A2D28F5597D003A4F92 = {
						CreatedOnToolsVersion = 14.0.1;
					};
				};
			};
			buildConfigurationList = C3254A2928F5597D003A4F92 /* Build configuration list for PBXProject "Nasa_repetition_2.10" */;
			compatibilityVersion = "Xcode 14.0";
			developmentRegion = en;
			hasScannedForEncodings = 0;
			knownRegions = (
				en,
				Base,
			);
			mainGroup = C3254A2528F5597D003A4F92;
			productRefGroup = C3254A2F28F5597D003A4F92 /* Products */;
			projectDirPath = "";
			projectRoot = "";
			targets = (
				C3254A2D28F5597D003A4F92 /* Nasa_repetition_2.10 */,
			);
		};
/* End PBXProject section */

/* Begin PBXResourcesBuildPhase section */
		C3254A2C28F5597D003A4F92 /* Resources */ = {
			isa = PBXResourcesBuildPhase;
			buildActionMask = 2147483647;
			files = (
				C3254A3E28F5597D003A4F92 /* LaunchScreen.storyboard in Resources */,
				C3254A3B28F5597D003A4F92 /* Assets.xcassets in Resources */,
				C3254A3928F5597D003A4F92 /* Main.storyboard in Resources */,
			);
			runOnlyForDeploymentPostprocessing = 0;
		};
/* End PBXResourcesBuildPhase section */

/* Begin PBXSourcesBuildPhase section */
		C3254A2A28F5597D003A4F92 /* Sources */ = {
			isa = PBXSourcesBuildPhase;
			buildActionMask = 2147483647;
			files = (
				C3254A4A28F55E05003A4F92 /* ApiManager.swift in Sources */,
				C3254A3628F5597D003A4F92 /* MainMenuViewConrtoller.swift in Sources */,
				C3254A3228F5597D003A4F92 /* AppDelegate.swift in Sources */,
				C3DA0EB228F5A71900F9B1B3 /* NetworkManager.swift in Sources */,
				C3254A4D28F58D73003A4F92 /* Information.swift in Sources */,
				C3254A3428F5597D003A4F92 /* SceneDelegate.swift in Sources */,
				C3254A5028F591C7003A4F92 /* InformationViewController.swift in Sources */,
			);
			runOnlyForDeploymentPostprocessing = 0;
		};
/* End PBXSourcesBuildPhase section */

/* Begin PBXVariantGroup section */
		C3254A3728F5597D003A4F92 /* Main.storyboard */ = {
			isa = PBXVariantGroup;
			children = (
				C3254A3828F5597D003A4F92 /* Base */,
			);
			name = Main.storyboard;
			sourceTree = "<group>";
		};
		C3254A3C28F5597D003A4F92 /* LaunchScreen.storyboard */ = {
			isa = PBXVariantGroup;
			children = (
				C3254A3D28F5597D003A4F92 /* Base */,
			);
			name = LaunchScreen.storyboard;
			sourceTree = "<group>";
		};
/* End PBXVariantGroup section */

/* Begin XCBuildConfiguration section */
		C3254A4028F5597D003A4F92 /* Debug */ = {
			isa = XCBuildConfiguration;
			buildSettings = {
				ALWAYS_SEARCH_USER_PATHS = NO;
				CLANG_ANALYZER_NONNULL = YES;
				CLANG_ANALYZER_NUMBER_OBJECT_CONVERSION = YES_AGGRESSIVE;
				CLANG_CXX_LANGUAGE_STANDARD = "gnu++20";
				CLANG_ENABLE_MODULES = YES;
				CLANG_ENABLE_OBJC_ARC = YES;
				CLANG_ENABLE_OBJC_WEAK = YES;
				CLANG_WARN_BLOCK_CAPTURE_AUTORELEASING = YES;
				CLANG_WARN_BOOL_CONVERSION = YES;
				CLANG_WARN_COMMA = YES;
				CLANG_WARN_CONSTANT_CONVERSION = YES;
				CLANG_WARN_DEPRECATED_OBJC_IMPLEMENTATIONS = YES;
				CLANG_WARN_DIRECT_OBJC_ISA_USAGE = YES_ERROR;
				CLANG_WARN_DOCUMENTATION_COMMENTS = YES;
				CLANG_WARN_EMPTY_BODY = YES;
				CLANG_WARN_ENUM_CONVERSION = YES;
				CLANG_WARN_INFINITE_RECURSION = YES;
				CLANG_WARN_INT_CONVERSION = YES;
				CLANG_WARN_NON_LITERAL_NULL_CONVERSION = YES;
				CLANG_WARN_OBJC_IMPLICIT_RETAIN_SELF = YES;
				CLANG_WARN_OBJC_LITERAL_CONVERSION = YES;
				CLANG_WARN_OBJC_ROOT_CLASS = YES_ERROR;
				CLANG_WARN_QUOTED_INCLUDE_IN_FRAMEWORK_HEADER = YES;
				CLANG_WARN_RANGE_LOOP_ANALYSIS = YES;
				CLANG_WARN_STRICT_PROTOTYPES = YES;
				CLANG_WARN_SUSPICIOUS_MOVE = YES;
				CLANG_WARN_UNGUARDED_AVAILABILITY = YES_AGGRESSIVE;
				CLANG_WARN_UNREACHABLE_CODE = YES;
				CLANG_WARN__DUPLICATE_METHOD_MATCH = YES;
				COPY_PHASE_STRIP = NO;
				DEBUG_INFORMATION_FORMAT = dwarf;
				ENABLE_STRICT_OBJC_MSGSEND = YES;
				ENABLE_TESTABILITY = YES;
				GCC_C_LANGUAGE_STANDARD = gnu11;
				GCC_DYNAMIC_NO_PIC = NO;
				GCC_NO_COMMON_BLOCKS = YES;
				GCC_OPTIMIZATION_LEVEL = 0;
				GCC_PREPROCESSOR_DEFINITIONS = (
					"DEBUG=1",
					"$(inherited)",
				);
				GCC_WARN_64_TO_32_BIT_CONVERSION = YES;
				GCC_WARN_ABOUT_RETURN_TYPE = YES_ERROR;
				GCC_WARN_UNDECLARED_SELECTOR = YES;
				GCC_WARN_UNINITIALIZED_AUTOS = YES_AGGRESSIVE;
				GCC_WARN_UNUSED_FUNCTION = YES;
				GCC_WARN_UNUSED_VARIABLE = YES;
				IPHONEOS_DEPLOYMENT_TARGET = 16.0;
				MTL_ENABLE_DEBUG_INFO = INCLUDE_SOURCE;
				MTL_FAST_MATH = YES;
				ONLY_ACTIVE_ARCH = YES;
				SDKROOT = iphoneos;
				SWIFT_ACTIVE_COMPILATION_CONDITIONS = DEBUG;
				SWIFT_OPTIMIZATION_LEVEL = "-Onone";
			};
			name = Debug;
		};
		C3254A4128F5597D003A4F92 /* Release */ = {
			isa = XCBuildConfiguration;
			buildSettings = {
				ALWAYS_SEARCH_USER_PATHS = NO;
				CLANG_ANALYZER_NONNULL = YES;
				CLANG_ANALYZER_NUMBER_OBJECT_CONVERSION = YES_AGGRESSIVE;
				CLANG_CXX_LANGUAGE_STANDARD = "gnu++20";
				CLANG_ENABLE_MODULES = YES;
				CLANG_ENABLE_OBJC_ARC = YES;
				CLANG_ENABLE_OBJC_WEAK = YES;
				CLANG_WARN_BLOCK_CAPTURE_AUTORELEASING = YES;
				CLANG_WARN_BOOL_CONVERSION = YES;
				CLANG_WARN_COMMA = YES;
				CLANG_WARN_CONSTANT_CONVERSION = YES;
				CLANG_WARN_DEPRECATED_OBJC_IMPLEMENTATIONS = YES;
				CLANG_WARN_DIRECT_OBJC_ISA_USAGE = YES_ERROR;
				CLANG_WARN_DOCUMENTATION_COMMENTS = YES;
				CLANG_WARN_EMPTY_BODY = YES;
				CLANG_WARN_ENUM_CONVERSION = YES;
				CLANG_WARN_INFINITE_RECURSION = YES;
				CLANG_WARN_INT_CONVERSION = YES;
				CLANG_WARN_NON_LITERAL_NULL_CONVERSION = YES;
				CLANG_WARN_OBJC_IMPLICIT_RETAIN_SELF = YES;
				CLANG_WARN_OBJC_LITERAL_CONVERSION = YES;
				CLANG_WARN_OBJC_ROOT_CLASS = YES_ERROR;
				CLANG_WARN_QUOTED_INCLUDE_IN_FRAMEWORK_HEADER = YES;
				CLANG_WARN_RANGE_LOOP_ANALYSIS = YES;
				CLANG_WARN_STRICT_PROTOTYPES = YES;
				CLANG_WARN_SUSPICIOUS_MOVE = YES;
				CLANG_WARN_UNGUARDED_AVAILABILITY = YES_AGGRESSIVE;
				CLANG_WARN_UNREACHABLE_CODE = YES;
				CLANG_WARN__DUPLICATE_METHOD_MATCH = YES;
				COPY_PHASE_STRIP = NO;
				DEBUG_INFORMATION_FORMAT = "dwarf-with-dsym";
				ENABLE_NS_ASSERTIONS = NO;
				ENABLE_STRICT_OBJC_MSGSEND = YES;
				GCC_C_LANGUAGE_STANDARD = gnu11;
				GCC_NO_COMMON_BLOCKS = YES;
				GCC_WARN_64_TO_32_BIT_CONVERSION = YES;
				GCC_WARN_ABOUT_RETURN_TYPE = YES_ERROR;
				GCC_WARN_UNDECLARED_SELECTOR = YES;
				GCC_WARN_UNINITIALIZED_AUTOS = YES_AGGRESSIVE;
				GCC_WARN_UNUSED_FUNCTION = YES;
				GCC_WARN_UNUSED_VARIABLE = YES;
				IPHONEOS_DEPLOYMENT_TARGET = 16.0;
				MTL_ENABLE_DEBUG_INFO = NO;
				MTL_FAST_MATH = YES;
				SDKROOT = iphoneos;
				SWIFT_COMPILATION_MODE = wholemodule;
				SWIFT_OPTIMIZATION_LEVEL = "-O";
				VALIDATE_PRODUCT = YES;
			};
			name = Release;
		};
		C3254A4328F5597D003A4F92 /* Debug */ = {
			isa = XCBuildConfiguration;
			buildSettings = {
				ASSETCATALOG_COMPILER_APPICON_NAME = AppIcon;
				ASSETCATALOG_COMPILER_GLOBAL_ACCENT_COLOR_NAME = AccentColor;
				CODE_SIGN_STYLE = Automatic;
				CURRENT_PROJECT_VERSION = 1;
				DEVELOPMENT_TEAM = S4AD5RA4FS;
				GENERATE_INFOPLIST_FILE = YES;
				INFOPLIST_FILE = Nasa_repetition_2.10/Supporting/Info.plist;
				INFOPLIST_KEY_UIApplicationSupportsIndirectInputEvents = YES;
				INFOPLIST_KEY_UILaunchStoryboardName = LaunchScreen;
				INFOPLIST_KEY_UIMainStoryboardFile = Main;
				INFOPLIST_KEY_UISupportedInterfaceOrientations_iPad = "UIInterfaceOrientationPortrait UIInterfaceOrientationPortraitUpsideDown UIInterfaceOrientationLandscapeLeft UIInterfaceOrientationLandscapeRight";
				INFOPLIST_KEY_UISupportedInterfaceOrientations_iPhone = "UIInterfaceOrientationPortrait UIInterfaceOrientationLandscapeLeft UIInterfaceOrientationLandscapeRight";
				LD_RUNPATH_SEARCH_PATHS = (
					"$(inherited)",
					"@executable_path/Frameworks",
				);
				MARKETING_VERSION = 1.0;
				PRODUCT_BUNDLE_IDENTIFIER = "Shagiakhmetov.Nasa-repetition-2-10";
				PRODUCT_NAME = "$(TARGET_NAME)";
				SWIFT_EMIT_LOC_STRINGS = YES;
				SWIFT_VERSION = 5.0;
				TARGETED_DEVICE_FAMILY = "1,2";
			};
			name = Debug;
		};
		C3254A4428F5597D003A4F92 /* Release */ = {
			isa = XCBuildConfiguration;
			buildSettings = {
				ASSETCATALOG_COMPILER_APPICON_NAME = AppIcon;
				ASSETCATALOG_COMPILER_GLOBAL_ACCENT_COLOR_NAME = AccentColor;
				CODE_SIGN_STYLE = Automatic;
				CURRENT_PROJECT_VERSION = 1;
				DEVELOPMENT_TEAM = S4AD5RA4FS;
				GENERATE_INFOPLIST_FILE = YES;
				INFOPLIST_FILE = Nasa_repetition_2.10/Supporting/Info.plist;
				INFOPLIST_KEY_UIApplicationSupportsIndirectInputEvents = YES;
				INFOPLIST_KEY_UILaunchStoryboardName = LaunchScreen;
				INFOPLIST_KEY_UIMainStoryboardFile = Main;
				INFOPLIST_KEY_UISupportedInterfaceOrientations_iPad = "UIInterfaceOrientationPortrait UIInterfaceOrientationPortraitUpsideDown UIInterfaceOrientationLandscapeLeft UIInterfaceOrientationLandscapeRight";
				INFOPLIST_KEY_UISupportedInterfaceOrientations_iPhone = "UIInterfaceOrientationPortrait UIInterfaceOrientationLandscapeLeft UIInterfaceOrientationLandscapeRight";
				LD_RUNPATH_SEARCH_PATHS = (
					"$(inherited)",
					"@executable_path/Frameworks",
				);
				MARKETING_VERSION = 1.0;
				PRODUCT_BUNDLE_IDENTIFIER = "Shagiakhmetov.Nasa-repetition-2-10";
				PRODUCT_NAME = "$(TARGET_NAME)";
				SWIFT_EMIT_LOC_STRINGS = YES;
				SWIFT_VERSION = 5.0;
				TARGETED_DEVICE_FAMILY = "1,2";
			};
			name = Release;
		};
/* End XCBuildConfiguration section */

/* Begin XCConfigurationList section */
		C3254A2928F5597D003A4F92 /* Build configuration list for PBXProject "Nasa_repetition_2.10" */ = {
			isa = XCConfigurationList;
			buildConfigurations = (
				C3254A4028F5597D003A4F92 /* Debug */,
				C3254A4128F5597D003A4F92 /* Release */,
			);
			defaultConfigurationIsVisible = 0;
			defaultConfigurationName = Release;
		};
		C3254A4228F5597D003A4F92 /* Build configuration list for PBXNativeTarget "Nasa_repetition_2.10" */ = {
			isa = XCConfigurationList;
			buildConfigurations = (
				C3254A4328F5597D003A4F92 /* Debug */,
				C3254A4428F5597D003A4F92 /* Release */,
			);
			defaultConfigurationIsVisible = 0;
			defaultConfigurationName = Release;
		};
/* End XCConfigurationList section */
	};
	rootObject = C3254A2628F5597D003A4F92 /* Project object */;
}
